PODS:
  - VISPER-Wireframe (0.1.0):
    - VISPER-Wireframe-Core
    - VISPER-Wireframe-UIViewController
  - VISPER-Wireframe-Core (0.1.0)
  - VISPER-Wireframe-Objc (0.1.0):
    - VISPER-Wireframe-Core
  - VISPER-Wireframe-UIViewController (0.1.0):
    - VISPER-Wireframe-Core

DEPENDENCIES:
  - VISPER-Wireframe (from `../`)
  - VISPER-Wireframe-Core (from `../`)
  - VISPER-Wireframe-Objc (from `../`)
  - VISPER-Wireframe-UIViewController (from `../`)

EXTERNAL SOURCES:
  VISPER-Wireframe:
    :path: ../
  VISPER-Wireframe-Core:
    :path: ../
  VISPER-Wireframe-Objc:
    :path: ../
  VISPER-Wireframe-UIViewController:
    :path: ../

SPEC CHECKSUMS:
  VISPER-Wireframe: 33c84bf51ba099894da6473a41c27a752bfe6901
  VISPER-Wireframe-Core: 693a4493ff5229a51e565369e37a2199ca8250a6
  VISPER-Wireframe-Objc: 2ae77dc6f64fb3ef60e0ac538191e2d0b37036e9
  VISPER-Wireframe-UIViewController: 1777459b0c9b145f9ee5ae2d5378c73d04a722bb

PODFILE CHECKSUM: 1498840c33b3686134eda611140cd0f465d17eb1

COCOAPODS: 1.3.1
